{
  "pins" : [
    {
      "identity" : "overlaynetwork",
      "kind" : "remoteSourceControl",
      "location" : "https://github.com/webbananaunite/overlayNetwork",
      "state" : {
        "revision" : "6968a0dccda1c32d6b165b5e91cc050485abd1e1",
        "version" : "0.0.2"
      }
    }
  ],
  "version" : 2
}
